
Microsoft Visual Studio Solution File, Format Version 12.00
# Visual Studio Version 16
VisualStudioVersion = 16.0.30907.101
MinimumVisualStudioVersion = 10.0.40219.1
Project("{FAE04EC0-301F-11D3-BF4B-00C04F79EFBC}") = "Glomad.net", "Glomad.net\Glomad.net.csproj", "{7A3A4441-E9A0-47E9-8015-7874B1625A00}"
EndProject
Global
	GlobalSection(SolutionConfigurationPlatforms) = preSolution
		Debug|Any CPU = Debug|Any CPU
		Release|Any CPU = Release|Any CPU
	EndGlobalSection
	GlobalSection(ProjectConfigurationPlatforms) = postSolution
		{7A3A4441-E9A0-47E9-8015-7874B1625A00}.Debug|Any CPU.ActiveCfg = Debug|Any CPU
		{7A3A4441-E9A0-47E9-8015-7874B1625A00}.Debug|Any CPU.Build.0 = Debug|Any CPU
		{7A3A4441-E9A0-47E9-8015-7874B1625A00}.Release|Any CPU.ActiveCfg = Release|Any CPU
		{7A3A4441-E9A0-47E9-8015-7874B1625A00}.Release|Any CPU.Build.0 = Release|Any CPU
	EndGlobalSection
	GlobalSection(SolutionProperties) = preSolution
		HideSolutionNode = FALSE
	EndGlobalSection
	GlobalSection(ExtensibilityGlobals) = postSolution
		SolutionGuid = {51D4B4AF-6398-4D4F-B9CD-D5B4130C8BE7}
	EndGlobalSection
EndGlobal
